// !$*UTF8*$!
{
	archiveVersion = 1;
	classes = {
	};
	objectVersion = 46;
	objects = {

/* Begin PBXBuildFile section */
		10774775B170C11A71C66822 /* libPods-linkUS.a in Frameworks */ = {isa = PBXBuildFile; fileRef = AAA43E92CFEBA3AAB0D06B5B /* libPods-linkUS.a */; };
		187F40811D55C3B8005D0757 /* MEMsgViewController.swift in Sources */ = {isa = PBXBuildFile; fileRef = 187F407F1D55C3B8005D0757 /* MEMsgViewController.swift */; };
		187F40821D55C3B8005D0757 /* MEMsgViewController.xib in Resources */ = {isa = PBXBuildFile; fileRef = 187F40801D55C3B8005D0757 /* MEMsgViewController.xib */; };
		187F40841D55C3D2005D0757 /* MEMsgModel.swift in Sources */ = {isa = PBXBuildFile; fileRef = 187F40831D55C3D2005D0757 /* MEMsgModel.swift */; };
		187F40861D55C3E2005D0757 /* MEMsgViewModel.swift in Sources */ = {isa = PBXBuildFile; fileRef = 187F40851D55C3E2005D0757 /* MEMsgViewModel.swift */; };
		187F40881D55CC2C005D0757 /* MESessionManager.swift in Sources */ = {isa = PBXBuildFile; fileRef = 187F40871D55CC2C005D0757 /* MESessionManager.swift */; };
		754358971D53A60100DF4CFC /* AppDelegate.swift in Sources */ = {isa = PBXBuildFile; fileRef = 754358961D53A60100DF4CFC /* AppDelegate.swift */; };
		7543589C1D53A60100DF4CFC /* Main.storyboard in Resources */ = {isa = PBXBuildFile; fileRef = 7543589A1D53A60100DF4CFC /* Main.storyboard */; };
		7543589E1D53A60100DF4CFC /* Assets.xcassets in Resources */ = {isa = PBXBuildFile; fileRef = 7543589D1D53A60100DF4CFC /* Assets.xcassets */; };
		754358A11D53A60100DF4CFC /* LaunchScreen.storyboard in Resources */ = {isa = PBXBuildFile; fileRef = 7543589F1D53A60100DF4CFC /* LaunchScreen.storyboard */; };
		754358BE1D53A63B00DF4CFC /* MELoginViewController.swift in Sources */ = {isa = PBXBuildFile; fileRef = 754358AD1D53A63B00DF4CFC /* MELoginViewController.swift */; };
		754358BF1D53A63B00DF4CFC /* MELoginViewController.xib in Resources */ = {isa = PBXBuildFile; fileRef = 754358AE1D53A63B00DF4CFC /* MELoginViewController.xib */; };
		754358C11D53A71000DF4CFC /* MELoginViewModel.swift in Sources */ = {isa = PBXBuildFile; fileRef = 754358C01D53A71000DF4CFC /* MELoginViewModel.swift */; };
		754358C31D53A75800DF4CFC /* MEUserModel.swift in Sources */ = {isa = PBXBuildFile; fileRef = 754358C21D53A75800DF4CFC /* MEUserModel.swift */; };
/* End PBXBuildFile section */

/* Begin PBXFileReference section */
		0335457E3D1F517774CBA1B6 /* Pods-linkUS.release.xcconfig */ = {isa = PBXFileReference; includeInIndex = 1; lastKnownFileType = text.xcconfig; name = "Pods-linkUS.release.xcconfig"; path = "Pods/Target Support Files/Pods-linkUS/Pods-linkUS.release.xcconfig"; sourceTree = "<group>"; };
		187F407F1D55C3B8005D0757 /* MEMsgViewController.swift */ = {isa = PBXFileReference; fileEncoding = 4; lastKnownFileType = sourcecode.swift; path = MEMsgViewController.swift; sourceTree = "<group>"; };
		187F40801D55C3B8005D0757 /* MEMsgViewController.xib */ = {isa = PBXFileReference; fileEncoding = 4; lastKnownFileType = file.xib; path = MEMsgViewController.xib; sourceTree = "<group>"; };
		187F40831D55C3D2005D0757 /* MEMsgModel.swift */ = {isa = PBXFileReference; fileEncoding = 4; lastKnownFileType = sourcecode.swift; path = MEMsgModel.swift; sourceTree = "<group>"; };
		187F40851D55C3E2005D0757 /* MEMsgViewModel.swift */ = {isa = PBXFileReference; fileEncoding = 4; lastKnownFileType = sourcecode.swift; path = MEMsgViewModel.swift; sourceTree = "<group>"; };
		187F40871D55CC2C005D0757 /* MESessionManager.swift */ = {isa = PBXFileReference; fileEncoding = 4; lastKnownFileType = sourcecode.swift; path = MESessionManager.swift; sourceTree = "<group>"; };
		5A0947BBE6998B51B9726746 /* Pods-linkUS.debug.xcconfig */ = {isa = PBXFileReference; includeInIndex = 1; lastKnownFileType = text.xcconfig; name = "Pods-linkUS.debug.xcconfig"; path = "Pods/Target Support Files/Pods-linkUS/Pods-linkUS.debug.xcconfig"; sourceTree = "<group>"; };
		754358931D53A60100DF4CFC /* linkUS.app */ = {isa = PBXFileReference; explicitFileType = wrapper.application; includeInIndex = 0; path = linkUS.app; sourceTree = BUILT_PRODUCTS_DIR; };
		754358961D53A60100DF4CFC /* AppDelegate.swift */ = {isa = PBXFileReference; lastKnownFileType = sourcecode.swift; path = AppDelegate.swift; sourceTree = "<group>"; };
		7543589B1D53A60100DF4CFC /* Base */ = {isa = PBXFileReference; lastKnownFileType = file.storyboard; name = Base; path = Base.lproj/Main.storyboard; sourceTree = "<group>"; };
		7543589D1D53A60100DF4CFC /* Assets.xcassets */ = {isa = PBXFileReference; lastKnownFileType = folder.assetcatalog; path = Assets.xcassets; sourceTree = "<group>"; };
		754358A01D53A60100DF4CFC /* Base */ = {isa = PBXFileReference; lastKnownFileType = file.storyboard; name = Base; path = Base.lproj/LaunchScreen.storyboard; sourceTree = "<group>"; };
		754358A21D53A60100DF4CFC /* Info.plist */ = {isa = PBXFileReference; lastKnownFileType = text.plist.xml; path = Info.plist; sourceTree = "<group>"; };
		754358AD1D53A63B00DF4CFC /* MELoginViewController.swift */ = {isa = PBXFileReference; fileEncoding = 4; lastKnownFileType = sourcecode.swift; path = MELoginViewController.swift; sourceTree = "<group>"; };
		754358AE1D53A63B00DF4CFC /* MELoginViewController.xib */ = {isa = PBXFileReference; fileEncoding = 4; lastKnownFileType = file.xib; path = MELoginViewController.xib; sourceTree = "<group>"; };
		754358C01D53A71000DF4CFC /* MELoginViewModel.swift */ = {isa = PBXFileReference; fileEncoding = 4; lastKnownFileType = sourcecode.swift; path = MELoginViewModel.swift; sourceTree = "<group>"; };
		754358C21D53A75800DF4CFC /* MEUserModel.swift */ = {isa = PBXFileReference; fileEncoding = 4; lastKnownFileType = sourcecode.swift; path = MEUserModel.swift; sourceTree = "<group>"; };
		AAA43E92CFEBA3AAB0D06B5B /* libPods-linkUS.a */ = {isa = PBXFileReference; explicitFileType = archive.ar; includeInIndex = 0; path = "libPods-linkUS.a"; sourceTree = BUILT_PRODUCTS_DIR; };
/* End PBXFileReference section */

/* Begin PBXFrameworksBuildPhase section */
		754358901D53A60100DF4CFC /* Frameworks */ = {
			isa = PBXFrameworksBuildPhase;
			buildActionMask = 2147483647;
			files = (
				10774775B170C11A71C66822 /* libPods-linkUS.a in Frameworks */,
			);
			runOnlyForDeploymentPostprocessing = 0;
		};
/* End PBXFrameworksBuildPhase section */

/* Begin PBXGroup section */
		7543588A1D53A60100DF4CFC = {
			isa = PBXGroup;
			children = (
				754358951D53A60100DF4CFC /* linkUS */,
				754358941D53A60100DF4CFC /* Products */,
				8B17B71A8E74F1D6901AF56C /* Pods */,
				B6E5973D1AA3EFD59F4BA08A /* Frameworks */,
			);
			sourceTree = "<group>";
		};
		754358941D53A60100DF4CFC /* Products */ = {
			isa = PBXGroup;
			children = (
				754358931D53A60100DF4CFC /* linkUS.app */,
			);
			name = Products;
			sourceTree = "<group>";
		};
		754358951D53A60100DF4CFC /* linkUS */ = {
			isa = PBXGroup;
			children = (
				754358A81D53A63B00DF4CFC /* MELaunchModule */,
				754358AC1D53A63B00DF4CFC /* MELoginModule */,
				754358B21D53A63B00DF4CFC /* MEMsgModule */,
				754358B61D53A63B00DF4CFC /* MEServerModule */,
				754358BA1D53A63B00DF4CFC /* MESettingModule */,
				754358961D53A60100DF4CFC /* AppDelegate.swift */,
				187F40871D55CC2C005D0757 /* MESessionManager.swift */,
				7543589A1D53A60100DF4CFC /* Main.storyboard */,
				7543589D1D53A60100DF4CFC /* Assets.xcassets */,
				7543589F1D53A60100DF4CFC /* LaunchScreen.storyboard */,
				754358A21D53A60100DF4CFC /* Info.plist */,
			);
			path = linkUS;
			sourceTree = "<group>";
		};
		754358A81D53A63B00DF4CFC /* MELaunchModule */ = {
			isa = PBXGroup;
			children = (
				754358A91D53A63B00DF4CFC /* Models */,
				754358AA1D53A63B00DF4CFC /* ViewModel */,
				754358AB1D53A63B00DF4CFC /* Views */,
			);
			path = MELaunchModule;
			sourceTree = "<group>";
		};
		754358A91D53A63B00DF4CFC /* Models */ = {
			isa = PBXGroup;
			children = (
			);
			path = Models;
			sourceTree = "<group>";
		};
		754358AA1D53A63B00DF4CFC /* ViewModel */ = {
			isa = PBXGroup;
			children = (
			);
			path = ViewModel;
			sourceTree = "<group>";
		};
		754358AB1D53A63B00DF4CFC /* Views */ = {
			isa = PBXGroup;
			children = (
			);
			path = Views;
			sourceTree = "<group>";
		};
		754358AC1D53A63B00DF4CFC /* MELoginModule */ = {
			isa = PBXGroup;
			children = (
				754358AD1D53A63B00DF4CFC /* MELoginViewController.swift */,
				754358AE1D53A63B00DF4CFC /* MELoginViewController.xib */,
				754358AF1D53A63B00DF4CFC /* Models */,
				754358B01D53A63B00DF4CFC /* ViewModel */,
				754358B11D53A63B00DF4CFC /* Views */,
			);
			path = MELoginModule;
			sourceTree = "<group>";
		};
		754358AF1D53A63B00DF4CFC /* Models */ = {
			isa = PBXGroup;
			children = (
				754358C21D53A75800DF4CFC /* MEUserModel.swift */,
			);
			path = Models;
			sourceTree = "<group>";
		};
		754358B01D53A63B00DF4CFC /* ViewModel */ = {
			isa = PBXGroup;
			children = (
				754358C01D53A71000DF4CFC /* MELoginViewModel.swift */,
			);
			path = ViewModel;
			sourceTree = "<group>";
		};
		754358B11D53A63B00DF4CFC /* Views */ = {
			isa = PBXGroup;
			children = (
			);
			path = Views;
			sourceTree = "<group>";
		};
		754358B21D53A63B00DF4CFC /* MEMsgModule */ = {
			isa = PBXGroup;
			children = (
				187F407F1D55C3B8005D0757 /* MEMsgViewController.swift */,
				187F40801D55C3B8005D0757 /* MEMsgViewController.xib */,
				754358B31D53A63B00DF4CFC /* Models */,
				754358B41D53A63B00DF4CFC /* ViewModel */,
				754358B51D53A63B00DF4CFC /* Views */,
			);
			path = MEMsgModule;
			sourceTree = "<group>";
		};
		754358B31D53A63B00DF4CFC /* Models */ = {
			isa = PBXGroup;
			children = (
				187F40831D55C3D2005D0757 /* MEMsgModel.swift */,
			);
			path = Models;
			sourceTree = "<group>";
		};
		754358B41D53A63B00DF4CFC /* ViewModel */ = {
			isa = PBXGroup;
			children = (
				187F40851D55C3E2005D0757 /* MEMsgViewModel.swift */,
			);
			path = ViewModel;
			sourceTree = "<group>";
		};
		754358B51D53A63B00DF4CFC /* Views */ = {
			isa = PBXGroup;
			children = (
			);
			path = Views;
			sourceTree = "<group>";
		};
		754358B61D53A63B00DF4CFC /* MEServerModule */ = {
			isa = PBXGroup;
			children = (
				754358B71D53A63B00DF4CFC /* Models */,
				754358B81D53A63B00DF4CFC /* ViewModel */,
				754358B91D53A63B00DF4CFC /* Views */,
			);
			path = MEServerModule;
			sourceTree = "<group>";
		};
		754358B71D53A63B00DF4CFC /* Models */ = {
			isa = PBXGroup;
			children = (
			);
			path = Models;
			sourceTree = "<group>";
		};
		754358B81D53A63B00DF4CFC /* ViewModel */ = {
			isa = PBXGroup;
			children = (
			);
			path = ViewModel;
			sourceTree = "<group>";
		};
		754358B91D53A63B00DF4CFC /* Views */ = {
			isa = PBXGroup;
			children = (
			);
			path = Views;
			sourceTree = "<group>";
		};
		754358BA1D53A63B00DF4CFC /* MESettingModule */ = {
			isa = PBXGroup;
			children = (
				754358BB1D53A63B00DF4CFC /* Models */,
				754358BC1D53A63B00DF4CFC /* ViewModel */,
				754358BD1D53A63B00DF4CFC /* Views */,
			);
			path = MESettingModule;
			sourceTree = "<group>";
		};
		754358BB1D53A63B00DF4CFC /* Models */ = {
			isa = PBXGroup;
			children = (
			);
			path = Models;
			sourceTree = "<group>";
		};
		754358BC1D53A63B00DF4CFC /* ViewModel */ = {
			isa = PBXGroup;
			children = (
			);
			path = ViewModel;
			sourceTree = "<group>";
		};
		754358BD1D53A63B00DF4CFC /* Views */ = {
			isa = PBXGroup;
			children = (
			);
			path = Views;
			sourceTree = "<group>";
		};
		8B17B71A8E74F1D6901AF56C /* Pods */ = {
			isa = PBXGroup;
			children = (
				5A0947BBE6998B51B9726746 /* Pods-linkUS.debug.xcconfig */,
				0335457E3D1F517774CBA1B6 /* Pods-linkUS.release.xcconfig */,
			);
			name = Pods;
			sourceTree = "<group>";
		};
		B6E5973D1AA3EFD59F4BA08A /* Frameworks */ = {
			isa = PBXGroup;
			children = (
				AAA43E92CFEBA3AAB0D06B5B /* libPods-linkUS.a */,
			);
			name = Frameworks;
			sourceTree = "<group>";
		};
/* End PBXGroup section */

/* Begin PBXNativeTarget section */
		754358921D53A60100DF4CFC /* linkUS */ = {
			isa = PBXNativeTarget;
			buildConfigurationList = 754358A51D53A60100DF4CFC /* Build configuration list for PBXNativeTarget "linkUS" */;
			buildPhases = (
				0E2F37FD1A1F991FBE30D8CB /* [CP] Check Pods Manifest.lock */,
				7543588F1D53A60100DF4CFC /* Sources */,
				754358901D53A60100DF4CFC /* Frameworks */,
				754358911D53A60100DF4CFC /* Resources */,
				72A07D2C42E66B0F2E3C0A99 /* [CP] Embed Pods Frameworks */,
				E423A65A51C3046C874DB8CC /* [CP] Copy Pods Resources */,
			);
			buildRules = (
			);
			dependencies = (
			);
			name = linkUS;
			productName = linkUS;
			productReference = 754358931D53A60100DF4CFC /* linkUS.app */;
			productType = "com.apple.product-type.application";
		};
/* End PBXNativeTarget section */

/* Begin PBXProject section */
		7543588B1D53A60100DF4CFC /* Project object */ = {
			isa = PBXProject;
			attributes = {
				CLASSPREFIX = ME;
				LastSwiftUpdateCheck = 0730;
				LastUpgradeCheck = 0730;
				ORGANIZATIONNAME = sujeking;
				TargetAttributes = {
					754358921D53A60100DF4CFC = {
						CreatedOnToolsVersion = 7.3.1;
					};
				};
			};
			buildConfigurationList = 7543588E1D53A60100DF4CFC /* Build configuration list for PBXProject "linkUS" */;
			compatibilityVersion = "Xcode 3.2";
			developmentRegion = English;
			hasScannedForEncodings = 0;
			knownRegions = (
				en,
				Base,
			);
			mainGroup = 7543588A1D53A60100DF4CFC;
			productRefGroup = 754358941D53A60100DF4CFC /* Products */;
			projectDirPath = "";
			projectRoot = "";
			targets = (
				754358921D53A60100DF4CFC /* linkUS */,
			);
		};
/* End PBXProject section */

/* Begin PBXResourcesBuildPhase section */
		754358911D53A60100DF4CFC /* Resources */ = {
			isa = PBXResourcesBuildPhase;
			buildActionMask = 2147483647;
			files = (
				754358BF1D53A63B00DF4CFC /* MELoginViewController.xib in Resources */,
				754358A11D53A60100DF4CFC /* LaunchScreen.storyboard in Resources */,
				7543589E1D53A60100DF4CFC /* Assets.xcassets in Resources */,
				187F40821D55C3B8005D0757 /* MEMsgViewController.xib in Resources */,
				7543589C1D53A60100DF4CFC /* Main.storyboard in Resources */,
			);
			runOnlyForDeploymentPostprocessing = 0;
		};
/* End PBXResourcesBuildPhase section */

/* Begin PBXShellScriptBuildPhase section */
		0E2F37FD1A1F991FBE30D8CB /* [CP] Check Pods Manifest.lock */ = {
			isa = PBXShellScriptBuildPhase;
			buildActionMask = 2147483647;
			files = (
			);
			inputPaths = (
			);
			name = "[CP] Check Pods Manifest.lock";
			outputPaths = (
			);
			runOnlyForDeploymentPostprocessing = 0;
			shellPath = /bin/sh;
			shellScript = "diff \"${PODS_ROOT}/../Podfile.lock\" \"${PODS_ROOT}/Manifest.lock\" > /dev/null\nif [[ $? != 0 ]] ; then\n    cat << EOM\nerror: The sandbox is not in sync with the Podfile.lock. Run 'pod install' or update your CocoaPods installation.\nEOM\n    exit 1\nfi\n";
			showEnvVarsInLog = 0;
		};
		72A07D2C42E66B0F2E3C0A99 /* [CP] Embed Pods Frameworks */ = {
			isa = PBXShellScriptBuildPhase;
			buildActionMask = 2147483647;
			files = (
			);
			inputPaths = (
			);
			name = "[CP] Embed Pods Frameworks";
			outputPaths = (
			);
			runOnlyForDeploymentPostprocessing = 0;
			shellPath = /bin/sh;
			shellScript = "\"${SRCROOT}/Pods/Target Support Files/Pods-linkUS/Pods-linkUS-frameworks.sh\"\n";
			showEnvVarsInLog = 0;
		};
		E423A65A51C3046C874DB8CC /* [CP] Copy Pods Resources */ = {
			isa = PBXShellScriptBuildPhase;
			buildActionMask = 2147483647;
			files = (
			);
			inputPaths = (
			);
			name = "[CP] Copy Pods Resources";
			outputPaths = (
			);
			runOnlyForDeploymentPostprocessing = 0;
			shellPath = /bin/sh;
			shellScript = "\"${SRCROOT}/Pods/Target Support Files/Pods-linkUS/Pods-linkUS-resources.sh\"\n";
			showEnvVarsInLog = 0;
		};
/* End PBXShellScriptBuildPhase section */

/* Begin PBXSourcesBuildPhase section */
		7543588F1D53A60100DF4CFC /* Sources */ = {
			isa = PBXSourcesBuildPhase;
			buildActionMask = 2147483647;
			files = (
				754358C11D53A71000DF4CFC /* MELoginViewModel.swift in Sources */,
				754358BE1D53A63B00DF4CFC /* MELoginViewController.swift in Sources */,
				187F40881D55CC2C005D0757 /* MESessionManager.swift in Sources */,
				187F40811D55C3B8005D0757 /* MEMsgViewController.swift in Sources */,
				187F40861D55C3E2005D0757 /* MEMsgViewModel.swift in Sources */,
				187F40841D55C3D2005D0757 /* MEMsgModel.swift in Sources */,
				754358971D53A60100DF4CFC /* AppDelegate.swift in Sources */,
				754358C31D53A75800DF4CFC /* MEUserModel.swift in Sources */,
			);
			runOnlyForDeploymentPostprocessing = 0;
		};
/* End PBXSourcesBuildPhase section */

/* Begin PBXVariantGroup section */
		7543589A1D53A60100DF4CFC /* Main.storyboard */ = {
			isa = PBXVariantGroup;
			children = (
				7543589B1D53A60100DF4CFC /* Base */,
			);
			name = Main.storyboard;
			sourceTree = "<group>";
		};
		7543589F1D53A60100DF4CFC /* LaunchScreen.storyboard */ = {
			isa = PBXVariantGroup;
			children = (
				754358A01D53A60100DF4CFC /* Base */,
			);
			name = LaunchScreen.storyboard;
			sourceTree = "<group>";
		};
/* End PBXVariantGroup section */

/* Begin XCBuildConfiguration section */
		754358A31D53A60100DF4CFC /* Debug */ = {
			isa = XCBuildConfiguration;
			buildSettings = {
				ALWAYS_SEARCH_USER_PATHS = NO;
				CLANG_ANALYZER_NONNULL = YES;
				CLANG_CXX_LANGUAGE_STANDARD = "gnu++0x";
				CLANG_CXX_LIBRARY = "libc++";
				CLANG_ENABLE_MODULES = YES;
				CLANG_ENABLE_OBJC_ARC = YES;
				CLANG_WARN_BOOL_CONVERSION = YES;
				CLANG_WARN_CONSTANT_CONVERSION = YES;
				CLANG_WARN_DIRECT_OBJC_ISA_USAGE = YES_ERROR;
				CLANG_WARN_EMPTY_BODY = YES;
				CLANG_WARN_ENUM_CONVERSION = YES;
				CLANG_WARN_INT_CONVERSION = YES;
				CLANG_WARN_OBJC_ROOT_CLASS = YES_ERROR;
				CLANG_WARN_UNREACHABLE_CODE = YES;
				CLANG_WARN__DUPLICATE_METHOD_MATCH = YES;
				"CODE_SIGN_IDENTITY[sdk=iphoneos*]" = "iPhone Developer";
				COPY_PHASE_STRIP = NO;
				DEBUG_INFORMATION_FORMAT = dwarf;
				ENABLE_STRICT_OBJC_MSGSEND = YES;
				ENABLE_TESTABILITY = YES;
				GCC_C_LANGUAGE_STANDARD = gnu99;
				GCC_DYNAMIC_NO_PIC = NO;
				GCC_NO_COMMON_BLOCKS = YES;
				GCC_OPTIMIZATION_LEVEL = 0;
				GCC_PREPROCESSOR_DEFINITIONS = (
					"DEBUG=1",
					"$(inherited)",
				);
				GCC_WARN_64_TO_32_BIT_CONVERSION = YES;
				GCC_WARN_ABOUT_RETURN_TYPE = YES_ERROR;
				GCC_WARN_UNDECLARED_SELECTOR = YES;
				GCC_WARN_UNINITIALIZED_AUTOS = YES_AGGRESSIVE;
				GCC_WARN_UNUSED_FUNCTION = YES;
				GCC_WARN_UNUSED_VARIABLE = YES;
				IPHONEOS_DEPLOYMENT_TARGET = 9.3;
				MTL_ENABLE_DEBUG_INFO = YES;
				ONLY_ACTIVE_ARCH = YES;
				SDKROOT = iphoneos;
				SWIFT_OPTIMIZATION_LEVEL = "-Onone";
			};
			name = Debug;
		};
		754358A41D53A60100DF4CFC /* Release */ = {
			isa = XCBuildConfiguration;
			buildSettings = {
				ALWAYS_SEARCH_USER_PATHS = NO;
				CLANG_ANALYZER_NONNULL = YES;
				CLANG_CXX_LANGUAGE_STANDARD = "gnu++0x";
				CLANG_CXX_LIBRARY = "libc++";
				CLANG_ENABLE_MODULES = YES;
				CLANG_ENABLE_OBJC_ARC = YES;
				CLANG_WARN_BOOL_CONVERSION = YES;
				CLANG_WARN_CONSTANT_CONVERSION = YES;
				CLANG_WARN_DIRECT_OBJC_ISA_USAGE = YES_ERROR;
				CLANG_WARN_EMPTY_BODY = YES;
				CLANG_WARN_ENUM_CONVERSION = YES;
				CLANG_WARN_INT_CONVERSION = YES;
				CLANG_WARN_OBJC_ROOT_CLASS = YES_ERROR;
				CLANG_WARN_UNREACHABLE_CODE = YES;
				CLANG_WARN__DUPLICATE_METHOD_MATCH = YES;
				"CODE_SIGN_IDENTITY[sdk=iphoneos*]" = "iPhone Developer";
				COPY_PHASE_STRIP = NO;
				DEBUG_INFORMATION_FORMAT = "dwarf-with-dsym";
				ENABLE_NS_ASSERTIONS = NO;
				ENABLE_STRICT_OBJC_MSGSEND = YES;
				GCC_C_LANGUAGE_STANDARD = gnu99;
				GCC_NO_COMMON_BLOCKS = YES;
				GCC_WARN_64_TO_32_BIT_CONVERSION = YES;
				GCC_WARN_ABOUT_RETURN_TYPE = YES_ERROR;
				GCC_WARN_UNDECLARED_SELECTOR = YES;
				GCC_WARN_UNINITIALIZED_AUTOS = YES_AGGRESSIVE;
				GCC_WARN_UNUSED_FUNCTION = YES;
				GCC_WARN_UNUSED_VARIABLE = YES;
				IPHONEOS_DEPLOYMENT_TARGET = 9.3;
				MTL_ENABLE_DEBUG_INFO = NO;
				SDKROOT = iphoneos;
				VALIDATE_PRODUCT = YES;
			};
			name = Release;
		};
		754358A61D53A60100DF4CFC /* Debug */ = {
			isa = XCBuildConfiguration;
			baseConfigurationReference = 5A0947BBE6998B51B9726746 /* Pods-linkUS.debug.xcconfig */;
			buildSettings = {
				ASSETCATALOG_COMPILER_APPICON_NAME = AppIcon;
				INFOPLIST_FILE = linkUS/Info.plist;
				LD_RUNPATH_SEARCH_PATHS = "$(inherited) @executable_path/Frameworks";
				PRODUCT_BUNDLE_IDENTIFIER = com.szw.linkUS;
				PRODUCT_NAME = "$(TARGET_NAME)";
			};
			name = Debug;
		};
		754358A71D53A60100DF4CFC /* Release */ = {
			isa = XCBuildConfiguration;
			baseConfigurationReference = 0335457E3D1F517774CBA1B6 /* Pods-linkUS.release.xcconfig */;
			buildSettings = {
				ASSETCATALOG_COMPILER_APPICON_NAME = AppIcon;
				INFOPLIST_FILE = linkUS/Info.plist;
				LD_RUNPATH_SEARCH_PATHS = "$(inherited) @executable_path/Frameworks";
				PRODUCT_BUNDLE_IDENTIFIER = com.szw.linkUS;
				PRODUCT_NAME = "$(TARGET_NAME)";
			};
			name = Release;
		};
/* End XCBuildConfiguration section */

/* Begin XCConfigurationList section */
		7543588E1D53A60100DF4CFC /* Build configuration list for PBXProject "linkUS" */ = {
			isa = XCConfigurationList;
			buildConfigurations = (
				754358A31D53A60100DF4CFC /* Debug */,
				754358A41D53A60100DF4CFC /* Release */,
			);
			defaultConfigurationIsVisible = 0;
			defaultConfigurationName = Release;
		};
		754358A51D53A60100DF4CFC /* Build configuration list for PBXNativeTarget "linkUS" */ = {
			isa = XCConfigurationList;
			buildConfigurations = (
				754358A61D53A60100DF4CFC /* Debug */,
				754358A71D53A60100DF4CFC /* Release */,
			);
			defaultConfigurationIsVisible = 0;
			defaultConfigurationName = Release;
		};
/* End XCConfigurationList section */
	};
	rootObject = 7543588B1D53A60100DF4CFC /* Project object */;
}
